{
  "version": 1,
  "dependencies": {
    "net9.0": {
      "Google.Protobuf": {
        "type": "Direct",
        "requested": "[3.25.3, )",
        "resolved": "3.25.3",
        "contentHash": "fDY/kt0gy2nVcoeMmiyDMtwgvDJG5qaU7+Ic77szKTvVkIvoo7tyf+d+QDlKSosB+FjoKocX/ObObxqKCq60uA=="
      },
      "Grpc.Net.Client": {
        "type": "Direct",
        "requested": "[2.64.0, )",
        "resolved": "2.64.0",
        "contentHash": "48sLEzEyAi3sIxunCPlz6st3WDUtD3fwya4lv9eeNrkLqs/qo4AosImYsMleS638ShQ9DD4s9DAfyQW3k4LgZQ==",
        "dependencies": {
          "Grpc.Net.Common": "2.64.0",
          "Microsoft.Extensions.Logging.Abstractions": "6.0.0"
        }
      },
      "Grpc.Tools": {
        "type": "Direct",
        "requested": "[2.64.0, )",
        "resolved": "2.64.0",
        "contentHash": "W5RrhDFHUhioASktxfuDs5fTjWUxwegljZAig9zFL8nWNskeyQA6OXN2choWKYxGrljer25VqCJCMbWz7XHvqg=="
      },
      "Grpc.Core.Api": {
        "type": "Transitive",
        "resolved": "2.64.0",
        "contentHash": "CFwvZT56TU9D4Znz2qGz2S7XtXjo+t2DlTsa12vs+rKRwOuUI3dv/5vnh7LRgMDcumWOzR8L6IbtCYtJmcp3Rg=="
      },
      "Grpc.Net.Common": {
        "type": "Transitive",
        "resolved": "2.64.0",
        "contentHash": "j0L9suu8a81/TuJmb6UgeZ/MHrYVjzI4clEYTOgAyA5P1onOkNMQkyMWSP+YwKLDYVIt0tmODK+yaau9Lgobpg==",
        "dependencies": {
          "Grpc.Core.Api": "2.64.0"
        }
      },
      "Microsoft.Extensions.Logging.Abstractions": {
        "type": "Transitive",
        "resolved": "6.0.0",
        "contentHash": "/HggWBbTwy8TgebGSX5DBZ24ndhzi93sHUBDvP1IxbZD7FDokYzdAr6+vbWGjw2XAfR2EJ1sfKUotpjHnFWPxA=="
      }
    }
  }
}